
Microsoft Visual Studio Solution File, Format Version 12.00
# Visual Studio Version 16
VisualStudioVersion = 16.0.29709.97
MinimumVisualStudioVersion = 10.0.40219.1
Project("{2150E333-8FDC-42A3-9474-1A3956D46DE8}") = "src", "src", "{A95AEB27-DAED-4500-A426-B5A9F0210984}"
EndProject
Project("{2150E333-8FDC-42A3-9474-1A3956D46DE8}") = "tests", "tests", "{0E485508-66D7-44BB-B789-814BF1D2812A}"
EndProject
Project("{2150E333-8FDC-42A3-9474-1A3956D46DE8}") = "general", "general", "{CC88D51B-8EF9-47EB-8280-E9A0A78B5855}"
	ProjectSection(SolutionItems) = preProject
		global.json = global.json
	EndProjectSection
EndProject
Project("{2150E333-8FDC-42A3-9474-1A3956D46DE8}") = "external", "external", "{915F1DC8-890B-4C74-9C35-BC43F0406B55}"
EndProject
Project("{9A19103F-16F7-4668-BE54-9A1E7A4F7556}") = "Bedrock.Framework", "..\BedrockFramework\src\Bedrock.Framework\Bedrock.Framework.csproj", "{43F320D2-0717-476A-88FC-499FDE8236BF}"
EndProject
Project("{9A19103F-16F7-4668-BE54-9A1E7A4F7556}") = "BedrockRespProtocol", "src\BedrockRespProtocol\BedrockRespProtocol.csproj", "{628271BC-3BEA-4EA0-A96E-2ED8C37B2767}"
EndProject
Project("{9A19103F-16F7-4668-BE54-9A1E7A4F7556}") = "Resp", "src\Resp\Resp.csproj", "{FAFD260E-DB9C-40B0-B933-D280AECA30B8}"
EndProject
Project("{9A19103F-16F7-4668-BE54-9A1E7A4F7556}") = "BedrockRespProtocolTests", "tests\BedrockRespProtocolTests\BedrockRespProtocolTests.csproj", "{69172265-2518-47E0-B206-91B1E31C4E08}"
EndProject
Global
	GlobalSection(SolutionConfigurationPlatforms) = preSolution
		Debug|Any CPU = Debug|Any CPU
		Release|Any CPU = Release|Any CPU
	EndGlobalSection
	GlobalSection(ProjectConfigurationPlatforms) = postSolution
		{43F320D2-0717-476A-88FC-499FDE8236BF}.Debug|Any CPU.ActiveCfg = Debug|Any CPU
		{43F320D2-0717-476A-88FC-499FDE8236BF}.Debug|Any CPU.Build.0 = Debug|Any CPU
		{43F320D2-0717-476A-88FC-499FDE8236BF}.Release|Any CPU.ActiveCfg = Release|Any CPU
		{43F320D2-0717-476A-88FC-499FDE8236BF}.Release|Any CPU.Build.0 = Release|Any CPU
		{628271BC-3BEA-4EA0-A96E-2ED8C37B2767}.Debug|Any CPU.ActiveCfg = Debug|Any CPU
		{628271BC-3BEA-4EA0-A96E-2ED8C37B2767}.Debug|Any CPU.Build.0 = Debug|Any CPU
		{628271BC-3BEA-4EA0-A96E-2ED8C37B2767}.Release|Any CPU.ActiveCfg = Release|Any CPU
		{628271BC-3BEA-4EA0-A96E-2ED8C37B2767}.Release|Any CPU.Build.0 = Release|Any CPU
		{FAFD260E-DB9C-40B0-B933-D280AECA30B8}.Debug|Any CPU.ActiveCfg = Debug|Any CPU
		{FAFD260E-DB9C-40B0-B933-D280AECA30B8}.Debug|Any CPU.Build.0 = Debug|Any CPU
		{FAFD260E-DB9C-40B0-B933-D280AECA30B8}.Release|Any CPU.ActiveCfg = Release|Any CPU
		{FAFD260E-DB9C-40B0-B933-D280AECA30B8}.Release|Any CPU.Build.0 = Release|Any CPU
		{69172265-2518-47E0-B206-91B1E31C4E08}.Debug|Any CPU.ActiveCfg = Debug|Any CPU
		{69172265-2518-47E0-B206-91B1E31C4E08}.Debug|Any CPU.Build.0 = Debug|Any CPU
		{69172265-2518-47E0-B206-91B1E31C4E08}.Release|Any CPU.ActiveCfg = Release|Any CPU
		{69172265-2518-47E0-B206-91B1E31C4E08}.Release|Any CPU.Build.0 = Release|Any CPU
	EndGlobalSection
	GlobalSection(SolutionProperties) = preSolution
		HideSolutionNode = FALSE
	EndGlobalSection
	GlobalSection(NestedProjects) = preSolution
		{43F320D2-0717-476A-88FC-499FDE8236BF} = {915F1DC8-890B-4C74-9C35-BC43F0406B55}
		{628271BC-3BEA-4EA0-A96E-2ED8C37B2767} = {A95AEB27-DAED-4500-A426-B5A9F0210984}
		{FAFD260E-DB9C-40B0-B933-D280AECA30B8} = {A95AEB27-DAED-4500-A426-B5A9F0210984}
		{69172265-2518-47E0-B206-91B1E31C4E08} = {0E485508-66D7-44BB-B789-814BF1D2812A}
	EndGlobalSection
	GlobalSection(ExtensibilityGlobals) = postSolution
		SolutionGuid = {6FFF7D37-6A5E-471D-8CEC-C4A91D3BD624}
	EndGlobalSection
EndGlobal
