
Microsoft Visual Studio Solution File, Format Version 12.00
# Visual Studio Version 16
VisualStudioVersion = 16.0.29709.97
MinimumVisualStudioVersion = 10.0.40219.1
Project("{2150E333-8FDC-42A3-9474-1A3956D46DE8}") = "src", "src", "{A95AEB27-DAED-4500-A426-B5A9F0210984}"
EndProject
Project("{2150E333-8FDC-42A3-9474-1A3956D46DE8}") = "tests", "tests", "{0E485508-66D7-44BB-B789-814BF1D2812A}"
EndProject
Project("{2150E333-8FDC-42A3-9474-1A3956D46DE8}") = "general", "general", "{CC88D51B-8EF9-47EB-8280-E9A0A78B5855}"
	ProjectSection(SolutionItems) = preProject
		.gitignore = .gitignore
		Directory.Build.props = Directory.Build.props
		Directory.Build.targets = Directory.Build.targets
		global.json = global.json
		README.md = README.md
		version.json = version.json
	EndProjectSection
EndProject
Project("{2150E333-8FDC-42A3-9474-1A3956D46DE8}") = "external", "external", "{915F1DC8-890B-4C74-9C35-BC43F0406B55}"
EndProject
Project("{9A19103F-16F7-4668-BE54-9A1E7A4F7556}") = "Bedrock.Framework", "..\BedrockFramework\src\Bedrock.Framework\Bedrock.Framework.csproj", "{43F320D2-0717-476A-88FC-499FDE8236BF}"
EndProject
Project("{9A19103F-16F7-4668-BE54-9A1E7A4F7556}") = "BedrockRespProtocolTests", "tests\BedrockRespProtocolTests\BedrockRespProtocolTests.csproj", "{69172265-2518-47E0-B206-91B1E31C4E08}"
EndProject
Project("{9A19103F-16F7-4668-BE54-9A1E7A4F7556}") = "SimpleClient", "tests\SimpleClient\SimpleClient.csproj", "{FCE34112-0FFC-4BF4-BCCA-2B5F2FCACA9C}"
EndProject
Project("{9A19103F-16F7-4668-BE54-9A1E7A4F7556}") = "Bedrock.Framework.Experimental", "..\BedrockFramework\src\Bedrock.Framework.Experimental\Bedrock.Framework.Experimental.csproj", "{9029F4F2-20A0-452D-9262-1BF6BC9BE412}"
EndProject
Project("{9A19103F-16F7-4668-BE54-9A1E7A4F7556}") = "RunProfiler", "tests\RunProfiler\RunProfiler.csproj", "{97308686-DFD3-4FBB-8844-1B1B8E13D880}"
EndProject
Project("{9A19103F-16F7-4668-BE54-9A1E7A4F7556}") = "RESPite", "src\RESPite\RESPite.csproj", "{B4DBFB7A-1CEE-43E3-B8B1-1CB7F2115877}"
EndProject
Project("{9A19103F-16F7-4668-BE54-9A1E7A4F7556}") = "RESPite.Bedrock", "src\RESPite.Bedrock\RESPite.Bedrock.csproj", "{837BEDA0-DB7C-4EC1-A21D-FA7F9432A5DB}"
EndProject
Project("{9A19103F-16F7-4668-BE54-9A1E7A4F7556}") = "RESPite.Redis", "src\RESPite.Redis\RESPite.Redis.csproj", "{407C04FC-D989-4C55-88F9-84BEDF9F4382}"
EndProject
Global
	GlobalSection(SolutionConfigurationPlatforms) = preSolution
		Debug|Any CPU = Debug|Any CPU
		Release|Any CPU = Release|Any CPU
	EndGlobalSection
	GlobalSection(ProjectConfigurationPlatforms) = postSolution
		{43F320D2-0717-476A-88FC-499FDE8236BF}.Debug|Any CPU.ActiveCfg = Debug|Any CPU
		{43F320D2-0717-476A-88FC-499FDE8236BF}.Debug|Any CPU.Build.0 = Debug|Any CPU
		{43F320D2-0717-476A-88FC-499FDE8236BF}.Release|Any CPU.ActiveCfg = Release|Any CPU
		{43F320D2-0717-476A-88FC-499FDE8236BF}.Release|Any CPU.Build.0 = Release|Any CPU
		{69172265-2518-47E0-B206-91B1E31C4E08}.Debug|Any CPU.ActiveCfg = Debug|Any CPU
		{69172265-2518-47E0-B206-91B1E31C4E08}.Debug|Any CPU.Build.0 = Debug|Any CPU
		{69172265-2518-47E0-B206-91B1E31C4E08}.Release|Any CPU.ActiveCfg = Release|Any CPU
		{69172265-2518-47E0-B206-91B1E31C4E08}.Release|Any CPU.Build.0 = Release|Any CPU
		{FCE34112-0FFC-4BF4-BCCA-2B5F2FCACA9C}.Debug|Any CPU.ActiveCfg = Debug|Any CPU
		{FCE34112-0FFC-4BF4-BCCA-2B5F2FCACA9C}.Debug|Any CPU.Build.0 = Debug|Any CPU
		{FCE34112-0FFC-4BF4-BCCA-2B5F2FCACA9C}.Release|Any CPU.ActiveCfg = Release|Any CPU
		{FCE34112-0FFC-4BF4-BCCA-2B5F2FCACA9C}.Release|Any CPU.Build.0 = Release|Any CPU
		{9029F4F2-20A0-452D-9262-1BF6BC9BE412}.Debug|Any CPU.ActiveCfg = Debug|Any CPU
		{9029F4F2-20A0-452D-9262-1BF6BC9BE412}.Debug|Any CPU.Build.0 = Debug|Any CPU
		{9029F4F2-20A0-452D-9262-1BF6BC9BE412}.Release|Any CPU.ActiveCfg = Release|Any CPU
		{9029F4F2-20A0-452D-9262-1BF6BC9BE412}.Release|Any CPU.Build.0 = Release|Any CPU
		{97308686-DFD3-4FBB-8844-1B1B8E13D880}.Debug|Any CPU.ActiveCfg = Debug|Any CPU
		{97308686-DFD3-4FBB-8844-1B1B8E13D880}.Debug|Any CPU.Build.0 = Debug|Any CPU
		{97308686-DFD3-4FBB-8844-1B1B8E13D880}.Release|Any CPU.ActiveCfg = Release|Any CPU
		{97308686-DFD3-4FBB-8844-1B1B8E13D880}.Release|Any CPU.Build.0 = Release|Any CPU
		{B4DBFB7A-1CEE-43E3-B8B1-1CB7F2115877}.Debug|Any CPU.ActiveCfg = Debug|Any CPU
		{B4DBFB7A-1CEE-43E3-B8B1-1CB7F2115877}.Debug|Any CPU.Build.0 = Debug|Any CPU
		{B4DBFB7A-1CEE-43E3-B8B1-1CB7F2115877}.Release|Any CPU.ActiveCfg = Release|Any CPU
		{B4DBFB7A-1CEE-43E3-B8B1-1CB7F2115877}.Release|Any CPU.Build.0 = Release|Any CPU
		{837BEDA0-DB7C-4EC1-A21D-FA7F9432A5DB}.Debug|Any CPU.ActiveCfg = Debug|Any CPU
		{837BEDA0-DB7C-4EC1-A21D-FA7F9432A5DB}.Debug|Any CPU.Build.0 = Debug|Any CPU
		{837BEDA0-DB7C-4EC1-A21D-FA7F9432A5DB}.Release|Any CPU.ActiveCfg = Release|Any CPU
		{837BEDA0-DB7C-4EC1-A21D-FA7F9432A5DB}.Release|Any CPU.Build.0 = Release|Any CPU
		{407C04FC-D989-4C55-88F9-84BEDF9F4382}.Debug|Any CPU.ActiveCfg = Debug|Any CPU
		{407C04FC-D989-4C55-88F9-84BEDF9F4382}.Debug|Any CPU.Build.0 = Debug|Any CPU
		{407C04FC-D989-4C55-88F9-84BEDF9F4382}.Release|Any CPU.ActiveCfg = Release|Any CPU
		{407C04FC-D989-4C55-88F9-84BEDF9F4382}.Release|Any CPU.Build.0 = Release|Any CPU
	EndGlobalSection
	GlobalSection(SolutionProperties) = preSolution
		HideSolutionNode = FALSE
	EndGlobalSection
	GlobalSection(NestedProjects) = preSolution
		{43F320D2-0717-476A-88FC-499FDE8236BF} = {915F1DC8-890B-4C74-9C35-BC43F0406B55}
		{69172265-2518-47E0-B206-91B1E31C4E08} = {0E485508-66D7-44BB-B789-814BF1D2812A}
		{FCE34112-0FFC-4BF4-BCCA-2B5F2FCACA9C} = {0E485508-66D7-44BB-B789-814BF1D2812A}
		{9029F4F2-20A0-452D-9262-1BF6BC9BE412} = {915F1DC8-890B-4C74-9C35-BC43F0406B55}
		{97308686-DFD3-4FBB-8844-1B1B8E13D880} = {0E485508-66D7-44BB-B789-814BF1D2812A}
		{B4DBFB7A-1CEE-43E3-B8B1-1CB7F2115877} = {A95AEB27-DAED-4500-A426-B5A9F0210984}
		{837BEDA0-DB7C-4EC1-A21D-FA7F9432A5DB} = {A95AEB27-DAED-4500-A426-B5A9F0210984}
		{407C04FC-D989-4C55-88F9-84BEDF9F4382} = {A95AEB27-DAED-4500-A426-B5A9F0210984}
	EndGlobalSection
	GlobalSection(ExtensibilityGlobals) = postSolution
		SolutionGuid = {6FFF7D37-6A5E-471D-8CEC-C4A91D3BD624}
	EndGlobalSection
EndGlobal
